
Microsoft Visual Studio Solution File, Format Version 12.00
# Visual Studio Express 2012 for Web
Project("{FAE04EC0-301F-11D3-BF4B-00C04F79EFBC}") = "SMP.Server", "SMP.Server\SMP.Server.csproj", "{2C818399-AF74-47F8-8CC0-E67E4312CFA3}"
EndProject
Global
	GlobalSection(SolutionConfigurationPlatforms) = preSolution
		Debug|Any CPU = Debug|Any CPU
		Release|Any CPU = Release|Any CPU
	EndGlobalSection
	GlobalSection(ProjectConfigurationPlatforms) = postSolution
		{2C818399-AF74-47F8-8CC0-E67E4312CFA3}.Debug|Any CPU.ActiveCfg = Debug|Any CPU
		{2C818399-AF74-47F8-8CC0-E67E4312CFA3}.Debug|Any CPU.Build.0 = Debug|Any CPU
		{2C818399-AF74-47F8-8CC0-E67E4312CFA3}.Release|Any CPU.ActiveCfg = Release|Any CPU
		{2C818399-AF74-47F8-8CC0-E67E4312CFA3}.Release|Any CPU.Build.0 = Release|Any CPU
	EndGlobalSection
	GlobalSection(SolutionProperties) = preSolution
		HideSolutionNode = FALSE
	EndGlobalSection
EndGlobal
